<?xml version="1.0" encoding="utf-8"?>
<Project ToolsVersion="4.0" xmlns="http://schemas.microsoft.com/developer/msbuild/2003">
  <ItemGroup>
    <Filter Include="Source Files">
      <UniqueIdentifier>{4FC737F1-C7A5-4376-A066-2A32D752A2FF}</UniqueIdentifier>
      <Extensions>cpp;c;cxx;def;odl;idl;hpj;bat;asm;asmx</Extensions>
    </Filter>
    <Filter Include="Header Files">
      <UniqueIdentifier>{93995380-89BD-4b04-88EB-625FBE52EBFB}</UniqueIdentifier>
      <Extensions>h;hpp;hxx;hm;inl;inc;xsd</Extensions>
    </Filter>
    <Filter Include="Resource Files">
      <UniqueIdentifier>{67DA6AB6-F800-4c08-8B7A-83BB121AAD01}</UniqueIdentifier>
      <Extensions>rc;ico;cur;bmp;dlg;rc2;rct;bin;rgs;gif;jpg;jpeg;jpe;resx</Extensions>
    </Filter>
  </ItemGroup>
  <ItemGroup>
    <ClCompile Include="AssemblyInfo.cpp">
      <Filter>Source Files</Filter>
    </ClCompile>
    <ClCompile Include="stdafx.cpp">
      <Filter>Source Files</Filter>
    </ClCompile>
    <ClCompile Include="xrLauncher.cpp">
      <Filter>Source Files</Filter>
    </ClCompile>
    <ClCompile Include="xrLauncher_about_dlg.cpp">
      <Filter>Source Files</Filter>
    </ClCompile>
    <ClCompile Include="xrLauncher_benchmark_frm.cpp">
      <Filter>Source Files</Filter>
    </ClCompile>
    <ClCompile Include="xrLauncher_benchmark_res_frm.cpp">
      <Filter>Source Files</Filter>
    </ClCompile>
    <ClCompile Include="xrLauncher_main_frm.cpp">
      <Filter>Source Files</Filter>
    </ClCompile>
    <ClCompile Include="xrLauncher_utils.cpp">
      <Filter>Source Files</Filter>
    </ClCompile>
    <ClCompile Include="xrLauncherControl.cpp">
      <Filter>Source Files</Filter>
    </ClCompile>
  </ItemGroup>
  <ItemGroup>
    <ClInclude Include="resource.h">
      <Filter>Header Files</Filter>
    </ClInclude>
    <ClInclude Include="stdafx.h">
      <Filter>Header Files</Filter>
    </ClInclude>
    <ClInclude Include="xrLauncher.h">
      <Filter>Header Files</Filter>
    </ClInclude>
    <ClInclude Include="xrLauncher_about_dlg.h">
      <Filter>Header Files</Filter>
    </ClInclude>
    <ClInclude Include="xrLauncher_benchmark_frm.h">
      <Filter>Header Files</Filter>
    </ClInclude>
    <ClInclude Include="xrLauncher_benchmark_res_frm.h">
      <Filter>Header Files</Filter>
    </ClInclude>
    <ClInclude Include="xrLauncher_main_frm.h">
      <Filter>Header Files</Filter>
    </ClInclude>
    <ClInclude Include="xrLauncher_utils.h">
      <Filter>Header Files</Filter>
    </ClInclude>
    <ClInclude Include="xrLauncherControl.h">
      <Filter>Header Files</Filter>
    </ClInclude>
  </ItemGroup>
  <ItemGroup>
    <Image Include="app.ico">
      <Filter>Resource Files</Filter>
    </Image>
  </ItemGroup>
  <ItemGroup>
    <ResourceCompile Include="app.rc">
      <Filter>Resource Files</Filter>
    </ResourceCompile>
  </ItemGroup>
</Project>